
Microsoft Visual Studio Solution File, Format Version 12.00
# Visual Studio Version 17
VisualStudioVersion = 17.2.32630.192
MinimumVisualStudioVersion = 10.0.40219.1
Project("{FAE04EC0-301F-11D3-BF4B-00C04F79EFBC}") = "Algorithms_CSharp", "Algorithms_CSharp\Algorithms_CSharp.csproj", "{58DEC229-F961-429E-A786-9EEF38C000A4}"
EndProject
Project("{FAE04EC0-301F-11D3-BF4B-00C04F79EFBC}") = "Algorithms-DataStruct-Lib", "Algorithms-DataStruct-Lib\Algorithms-DataStruct-Lib.csproj", "{1002BD40-F6BB-4BA2-BB18-8787E00F6E7A}"
EndProject
Global
	GlobalSection(SolutionConfigurationPlatforms) = preSolution
		Debug|Any CPU = Debug|Any CPU
		Release|Any CPU = Release|Any CPU
	EndGlobalSection
	GlobalSection(ProjectConfigurationPlatforms) = postSolution
		{58DEC229-F961-429E-A786-9EEF38C000A4}.Debug|Any CPU.ActiveCfg = Debug|Any CPU
		{58DEC229-F961-429E-A786-9EEF38C000A4}.Debug|Any CPU.Build.0 = Debug|Any CPU
		{58DEC229-F961-429E-A786-9EEF38C000A4}.Release|Any CPU.ActiveCfg = Release|Any CPU
		{58DEC229-F961-429E-A786-9EEF38C000A4}.Release|Any CPU.Build.0 = Release|Any CPU
		{1002BD40-F6BB-4BA2-BB18-8787E00F6E7A}.Debug|Any CPU.ActiveCfg = Debug|Any CPU
		{1002BD40-F6BB-4BA2-BB18-8787E00F6E7A}.Debug|Any CPU.Build.0 = Debug|Any CPU
		{1002BD40-F6BB-4BA2-BB18-8787E00F6E7A}.Release|Any CPU.ActiveCfg = Release|Any CPU
		{1002BD40-F6BB-4BA2-BB18-8787E00F6E7A}.Release|Any CPU.Build.0 = Release|Any CPU
	EndGlobalSection
	GlobalSection(SolutionProperties) = preSolution
		HideSolutionNode = FALSE
	EndGlobalSection
	GlobalSection(ExtensibilityGlobals) = postSolution
		SolutionGuid = {53B8CDE2-B64D-411C-AD1A-6E9707E1621B}
	EndGlobalSection
EndGlobal
